
Microsoft Visual Studio Solution File, Format Version 12.00
# Visual Studio Version 16
VisualStudioVersion = 16.0.28922.388
MinimumVisualStudioVersion = 10.0.40219.1
Project("{9A19103F-16F7-4668-BE54-9A1E7A4F7556}") = "TeacherControl.API", "src\TeacherControl.API\TeacherControl.API.csproj", "{414494AF-2F02-42C9-88A8-0C5DA2298213}"
EndProject
Project("{9A19103F-16F7-4668-BE54-9A1E7A4F7556}") = "TeacherControl.Common", "src\TeacherControl.Common\TeacherControl.Common.csproj", "{405B7F5E-F9C6-4271-BD93-18BC618735F8}"
EndProject
Project("{9A19103F-16F7-4668-BE54-9A1E7A4F7556}") = "TeacherControl.Core", "src\TeacherControl.Core\TeacherControl.Core.csproj", "{79B8EC4A-0E27-499D-9D69-624FE24A289E}"
EndProject
Project("{9A19103F-16F7-4668-BE54-9A1E7A4F7556}") = "TeacherControl.DataEFCore", "src\TeacherControl.DataEFCore\TeacherControl.DataEFCore.csproj", "{395AADC3-761A-4D7D-A2F2-88018D4C4AB1}"
EndProject
Project("{9A19103F-16F7-4668-BE54-9A1E7A4F7556}") = "TeacherControl.Domain", "src\TeacherControl.Domain\TeacherControl.Domain.csproj", "{00A3E12C-C292-404B-A66B-46CFDDFC7D42}"
EndProject
Project("{9A19103F-16F7-4668-BE54-9A1E7A4F7556}") = "TeacherControl.Infraestructure", "src\TeacherControl.Infraestructure\TeacherControl.Infraestructure.csproj", "{A87A632C-450A-4A44-A6DF-95FDEB1ABC60}"
EndProject
Project("{9A19103F-16F7-4668-BE54-9A1E7A4F7556}") = "TeacherControl.MockData", "test\TeacherControl.MockData\TeacherControl.MockData.csproj", "{33FCF7E7-0D25-4CE6-8DF2-13AFBE4381BA}"
EndProject
Global
	GlobalSection(SolutionConfigurationPlatforms) = preSolution
		Debug|Any CPU = Debug|Any CPU
		Release|Any CPU = Release|Any CPU
	EndGlobalSection
	GlobalSection(ProjectConfigurationPlatforms) = postSolution
		{414494AF-2F02-42C9-88A8-0C5DA2298213}.Debug|Any CPU.ActiveCfg = Debug|Any CPU
		{414494AF-2F02-42C9-88A8-0C5DA2298213}.Debug|Any CPU.Build.0 = Debug|Any CPU
		{414494AF-2F02-42C9-88A8-0C5DA2298213}.Release|Any CPU.ActiveCfg = Release|Any CPU
		{414494AF-2F02-42C9-88A8-0C5DA2298213}.Release|Any CPU.Build.0 = Release|Any CPU
		{405B7F5E-F9C6-4271-BD93-18BC618735F8}.Debug|Any CPU.ActiveCfg = Debug|Any CPU
		{405B7F5E-F9C6-4271-BD93-18BC618735F8}.Debug|Any CPU.Build.0 = Debug|Any CPU
		{405B7F5E-F9C6-4271-BD93-18BC618735F8}.Release|Any CPU.ActiveCfg = Release|Any CPU
		{405B7F5E-F9C6-4271-BD93-18BC618735F8}.Release|Any CPU.Build.0 = Release|Any CPU
		{79B8EC4A-0E27-499D-9D69-624FE24A289E}.Debug|Any CPU.ActiveCfg = Debug|Any CPU
		{79B8EC4A-0E27-499D-9D69-624FE24A289E}.Debug|Any CPU.Build.0 = Debug|Any CPU
		{79B8EC4A-0E27-499D-9D69-624FE24A289E}.Release|Any CPU.ActiveCfg = Release|Any CPU
		{79B8EC4A-0E27-499D-9D69-624FE24A289E}.Release|Any CPU.Build.0 = Release|Any CPU
		{395AADC3-761A-4D7D-A2F2-88018D4C4AB1}.Debug|Any CPU.ActiveCfg = Debug|Any CPU
		{395AADC3-761A-4D7D-A2F2-88018D4C4AB1}.Debug|Any CPU.Build.0 = Debug|Any CPU
		{395AADC3-761A-4D7D-A2F2-88018D4C4AB1}.Release|Any CPU.ActiveCfg = Release|Any CPU
		{395AADC3-761A-4D7D-A2F2-88018D4C4AB1}.Release|Any CPU.Build.0 = Release|Any CPU
		{00A3E12C-C292-404B-A66B-46CFDDFC7D42}.Debug|Any CPU.ActiveCfg = Debug|Any CPU
		{00A3E12C-C292-404B-A66B-46CFDDFC7D42}.Debug|Any CPU.Build.0 = Debug|Any CPU
		{00A3E12C-C292-404B-A66B-46CFDDFC7D42}.Release|Any CPU.ActiveCfg = Release|Any CPU
		{00A3E12C-C292-404B-A66B-46CFDDFC7D42}.Release|Any CPU.Build.0 = Release|Any CPU
		{A87A632C-450A-4A44-A6DF-95FDEB1ABC60}.Debug|Any CPU.ActiveCfg = Debug|Any CPU
		{A87A632C-450A-4A44-A6DF-95FDEB1ABC60}.Debug|Any CPU.Build.0 = Debug|Any CPU
		{A87A632C-450A-4A44-A6DF-95FDEB1ABC60}.Release|Any CPU.ActiveCfg = Release|Any CPU
		{A87A632C-450A-4A44-A6DF-95FDEB1ABC60}.Release|Any CPU.Build.0 = Release|Any CPU
		{33FCF7E7-0D25-4CE6-8DF2-13AFBE4381BA}.Debug|Any CPU.ActiveCfg = Debug|Any CPU
		{33FCF7E7-0D25-4CE6-8DF2-13AFBE4381BA}.Debug|Any CPU.Build.0 = Debug|Any CPU
		{33FCF7E7-0D25-4CE6-8DF2-13AFBE4381BA}.Release|Any CPU.ActiveCfg = Release|Any CPU
		{33FCF7E7-0D25-4CE6-8DF2-13AFBE4381BA}.Release|Any CPU.Build.0 = Release|Any CPU
	EndGlobalSection
	GlobalSection(SolutionProperties) = preSolution
		HideSolutionNode = FALSE
	EndGlobalSection
	GlobalSection(ExtensibilityGlobals) = postSolution
		SolutionGuid = {F566EA63-81AB-427C-8457-1FFC5B3F79F8}
	EndGlobalSection
EndGlobal
